
Microsoft Visual Studio Solution File, Format Version 12.00
# Visual Studio Version 17
VisualStudioVersion = 17.9.34728.123
MinimumVisualStudioVersion = 10.0.40219.1
Project("{FAE04EC0-301F-11D3-BF4B-00C04F79EFBC}") = "CSI350VetMidterm", "CSI350VetMidterm\CSI350VetMidterm.csproj", "{308D0D50-CC40-4E08-9DC0-4C287B45B8BF}"
EndProject
Global
	GlobalSection(SolutionConfigurationPlatforms) = preSolution
		Debug|Any CPU = Debug|Any CPU
		Release|Any CPU = Release|Any CPU
	EndGlobalSection
	GlobalSection(ProjectConfigurationPlatforms) = postSolution
		{308D0D50-CC40-4E08-9DC0-4C287B45B8BF}.Debug|Any CPU.ActiveCfg = Debug|Any CPU
		{308D0D50-CC40-4E08-9DC0-4C287B45B8BF}.Debug|Any CPU.Build.0 = Debug|Any CPU
		{308D0D50-CC40-4E08-9DC0-4C287B45B8BF}.Release|Any CPU.ActiveCfg = Release|Any CPU
		{308D0D50-CC40-4E08-9DC0-4C287B45B8BF}.Release|Any CPU.Build.0 = Release|Any CPU
	EndGlobalSection
	GlobalSection(SolutionProperties) = preSolution
		HideSolutionNode = FALSE
	EndGlobalSection
	GlobalSection(ExtensibilityGlobals) = postSolution
		SolutionGuid = {326B6143-0C12-4452-82D9-86F336DC9F85}
	EndGlobalSection
EndGlobal
